// !$*UTF8*$!
{
	archiveVersion = 1;
	classes = {
	};
	objectVersion = 50;
	objects = {

/* Begin PBXBuildFile section */
		EF07A3BC225C2466004531EB /* AppDelegate.swift in Sources */ = {isa = PBXBuildFile; fileRef = EF07A3BB225C2466004531EB /* AppDelegate.swift */; };
		EF07A3BE225C2466004531EB /* ViewController.swift in Sources */ = {isa = PBXBuildFile; fileRef = EF07A3BD225C2466004531EB /* ViewController.swift */; };
		EF07A3C1225C2466004531EB /* Main.storyboard in Resources */ = {isa = PBXBuildFile; fileRef = EF07A3BF225C2466004531EB /* Main.storyboard */; };
		EF07A3C3225C246A004531EB /* Assets.xcassets in Resources */ = {isa = PBXBuildFile; fileRef = EF07A3C2225C246A004531EB /* Assets.xcassets */; };
		EF07A3C6225C246A004531EB /* LaunchScreen.storyboard in Resources */ = {isa = PBXBuildFile; fileRef = EF07A3C4225C246A004531EB /* LaunchScreen.storyboard */; };
		EF07A3D1225C246A004531EB /* ExampleTests.swift in Sources */ = {isa = PBXBuildFile; fileRef = EF07A3D0225C246A004531EB /* ExampleTests.swift */; };
		EF07A3DC225C246A004531EB /* ExampleUITests.swift in Sources */ = {isa = PBXBuildFile; fileRef = EF07A3DB225C246A004531EB /* ExampleUITests.swift */; };
		EF07A3EB225C2492004531EB /* FlowConstraint.framework in Frameworks */ = {isa = PBXBuildFile; fileRef = EF07A3EA225C2492004531EB /* FlowConstraint.framework */; };
/* End PBXBuildFile section */

/* Begin PBXContainerItemProxy section */
		EF07A3CD225C246A004531EB /* PBXContainerItemProxy */ = {
			isa = PBXContainerItemProxy;
			containerPortal = EF07A3B0225C2466004531EB /* Project object */;
			proxyType = 1;
			remoteGlobalIDString = EF07A3B7225C2466004531EB;
			remoteInfo = Example;
		};
		EF07A3D8225C246A004531EB /* PBXContainerItemProxy */ = {
			isa = PBXContainerItemProxy;
			containerPortal = EF07A3B0225C2466004531EB /* Project object */;
			proxyType = 1;
			remoteGlobalIDString = EF07A3B7225C2466004531EB;
			remoteInfo = Example;
		};
/* End PBXContainerItemProxy section */

/* Begin PBXFileReference section */
		EF07A3B8225C2466004531EB /* Example.app */ = {isa = PBXFileReference; explicitFileType = wrapper.application; includeInIndex = 0; path = Example.app; sourceTree = BUILT_PRODUCTS_DIR; };
		EF07A3BB225C2466004531EB /* AppDelegate.swift */ = {isa = PBXFileReference; lastKnownFileType = sourcecode.swift; path = AppDelegate.swift; sourceTree = "<group>"; };
		EF07A3BD225C2466004531EB /* ViewController.swift */ = {isa = PBXFileReference; lastKnownFileType = sourcecode.swift; path = ViewController.swift; sourceTree = "<group>"; };
		EF07A3C0225C2466004531EB /* Base */ = {isa = PBXFileReference; lastKnownFileType = file.storyboard; name = Base; path = Base.lproj/Main.storyboard; sourceTree = "<group>"; };
		EF07A3C2225C246A004531EB /* Assets.xcassets */ = {isa = PBXFileReference; lastKnownFileType = folder.assetcatalog; path = Assets.xcassets; sourceTree = "<group>"; };
		EF07A3C5225C246A004531EB /* Base */ = {isa = PBXFileReference; lastKnownFileType = file.storyboard; name = Base; path = Base.lproj/LaunchScreen.storyboard; sourceTree = "<group>"; };
		EF07A3C7225C246A004531EB /* Info.plist */ = {isa = PBXFileReference; lastKnownFileType = text.plist.xml; path = Info.plist; sourceTree = "<group>"; };
		EF07A3CC225C246A004531EB /* ExampleTests.xctest */ = {isa = PBXFileReference; explicitFileType = wrapper.cfbundle; includeInIndex = 0; path = ExampleTests.xctest; sourceTree = BUILT_PRODUCTS_DIR; };
		EF07A3D0225C246A004531EB /* ExampleTests.swift */ = {isa = PBXFileReference; lastKnownFileType = sourcecode.swift; path = ExampleTests.swift; sourceTree = "<group>"; };
		EF07A3D2225C246A004531EB /* Info.plist */ = {isa = PBXFileReference; lastKnownFileType = text.plist.xml; path = Info.plist; sourceTree = "<group>"; };
		EF07A3D7225C246A004531EB /* ExampleUITests.xctest */ = {isa = PBXFileReference; explicitFileType = wrapper.cfbundle; includeInIndex = 0; path = ExampleUITests.xctest; sourceTree = BUILT_PRODUCTS_DIR; };
		EF07A3DB225C246A004531EB /* ExampleUITests.swift */ = {isa = PBXFileReference; lastKnownFileType = sourcecode.swift; path = ExampleUITests.swift; sourceTree = "<group>"; };
		EF07A3DD225C246A004531EB /* Info.plist */ = {isa = PBXFileReference; lastKnownFileType = text.plist.xml; path = Info.plist; sourceTree = "<group>"; };
		EF07A3EA225C2492004531EB /* FlowConstraint.framework */ = {isa = PBXFileReference; explicitFileType = wrapper.framework; path = FlowConstraint.framework; sourceTree = BUILT_PRODUCTS_DIR; };
/* End PBXFileReference section */

/* Begin PBXFrameworksBuildPhase section */
		EF07A3B5225C2466004531EB /* Frameworks */ = {
			isa = PBXFrameworksBuildPhase;
			buildActionMask = 2147483647;
			files = (
				EF07A3EB225C2492004531EB /* FlowConstraint.framework in Frameworks */,
			);
			runOnlyForDeploymentPostprocessing = 0;
		};
		EF07A3C9225C246A004531EB /* Frameworks */ = {
			isa = PBXFrameworksBuildPhase;
			buildActionMask = 2147483647;
			files = (
			);
			runOnlyForDeploymentPostprocessing = 0;
		};
		EF07A3D4225C246A004531EB /* Frameworks */ = {
			isa = PBXFrameworksBuildPhase;
			buildActionMask = 2147483647;
			files = (
			);
			runOnlyForDeploymentPostprocessing = 0;
		};
/* End PBXFrameworksBuildPhase section */

/* Begin PBXGroup section */
		EF07A3AF225C2466004531EB = {
			isa = PBXGroup;
			children = (
				EF07A3BA225C2466004531EB /* Example */,
				EF07A3CF225C246A004531EB /* ExampleTests */,
				EF07A3DA225C246A004531EB /* ExampleUITests */,
				EF07A3B9225C2466004531EB /* Products */,
				EF07A3E9225C2492004531EB /* Frameworks */,
			);
			sourceTree = "<group>";
		};
		EF07A3B9225C2466004531EB /* Products */ = {
			isa = PBXGroup;
			children = (
				EF07A3B8225C2466004531EB /* Example.app */,
				EF07A3CC225C246A004531EB /* ExampleTests.xctest */,
				EF07A3D7225C246A004531EB /* ExampleUITests.xctest */,
			);
			name = Products;
			sourceTree = "<group>";
		};
		EF07A3BA225C2466004531EB /* Example */ = {
			isa = PBXGroup;
			children = (
				EF07A3BB225C2466004531EB /* AppDelegate.swift */,
				EF07A3BD225C2466004531EB /* ViewController.swift */,
				EF07A3BF225C2466004531EB /* Main.storyboard */,
				EF07A3C2225C246A004531EB /* Assets.xcassets */,
				EF07A3C4225C246A004531EB /* LaunchScreen.storyboard */,
				EF07A3C7225C246A004531EB /* Info.plist */,
			);
			path = Example;
			sourceTree = "<group>";
		};
		EF07A3CF225C246A004531EB /* ExampleTests */ = {
			isa = PBXGroup;
			children = (
				EF07A3D0225C246A004531EB /* ExampleTests.swift */,
				EF07A3D2225C246A004531EB /* Info.plist */,
			);
			path = ExampleTests;
			sourceTree = "<group>";
		};
		EF07A3DA225C246A004531EB /* ExampleUITests */ = {
			isa = PBXGroup;
			children = (
				EF07A3DB225C246A004531EB /* ExampleUITests.swift */,
				EF07A3DD225C246A004531EB /* Info.plist */,
			);
			path = ExampleUITests;
			sourceTree = "<group>";
		};
		EF07A3E9225C2492004531EB /* Frameworks */ = {
			isa = PBXGroup;
			children = (
				EF07A3EA225C2492004531EB /* FlowConstraint.framework */,
			);
			name = Frameworks;
			sourceTree = "<group>";
		};
/* End PBXGroup section */

/* Begin PBXNativeTarget section */
		EF07A3B7225C2466004531EB /* Example */ = {
			isa = PBXNativeTarget;
			buildConfigurationList = EF07A3E0225C246A004531EB /* Build configuration list for PBXNativeTarget "Example" */;
			buildPhases = (
				EF07A3B4225C2466004531EB /* Sources */,
				EF07A3B5225C2466004531EB /* Frameworks */,
				EF07A3B6225C2466004531EB /* Resources */,
			);
			buildRules = (
			);
			dependencies = (
			);
			name = Example;
			productName = Example;
			productReference = EF07A3B8225C2466004531EB /* Example.app */;
			productType = "com.apple.product-type.application";
		};
		EF07A3CB225C246A004531EB /* ExampleTests */ = {
			isa = PBXNativeTarget;
			buildConfigurationList = EF07A3E3225C246A004531EB /* Build configuration list for PBXNativeTarget "ExampleTests" */;
			buildPhases = (
				EF07A3C8225C246A004531EB /* Sources */,
				EF07A3C9225C246A004531EB /* Frameworks */,
				EF07A3CA225C246A004531EB /* Resources */,
			);
			buildRules = (
			);
			dependencies = (
				EF07A3CE225C246A004531EB /* PBXTargetDependency */,
			);
			name = ExampleTests;
			productName = ExampleTests;
			productReference = EF07A3CC225C246A004531EB /* ExampleTests.xctest */;
			productType = "com.apple.product-type.bundle.unit-test";
		};
		EF07A3D6225C246A004531EB /* ExampleUITests */ = {
			isa = PBXNativeTarget;
			buildConfigurationList = EF07A3E6225C246A004531EB /* Build configuration list for PBXNativeTarget "ExampleUITests" */;
			buildPhases = (
				EF07A3D3225C246A004531EB /* Sources */,
				EF07A3D4225C246A004531EB /* Frameworks */,
				EF07A3D5225C246A004531EB /* Resources */,
			);
			buildRules = (
			);
			dependencies = (
				EF07A3D9225C246A004531EB /* PBXTargetDependency */,
			);
			name = ExampleUITests;
			productName = ExampleUITests;
			productReference = EF07A3D7225C246A004531EB /* ExampleUITests.xctest */;
			productType = "com.apple.product-type.bundle.ui-testing";
		};
/* End PBXNativeTarget section */

/* Begin PBXProject section */
		EF07A3B0225C2466004531EB /* Project object */ = {
			isa = PBXProject;
			attributes = {
				LastSwiftUpdateCheck = 1020;
				LastUpgradeCheck = 1020;
				ORGANIZATIONNAME = pondokios;
				TargetAttributes = {
					EF07A3B7225C2466004531EB = {
						CreatedOnToolsVersion = 10.2;
					};
					EF07A3CB225C246A004531EB = {
						CreatedOnToolsVersion = 10.2;
						TestTargetID = EF07A3B7225C2466004531EB;
					};
					EF07A3D6225C246A004531EB = {
						CreatedOnToolsVersion = 10.2;
						TestTargetID = EF07A3B7225C2466004531EB;
					};
				};
			};
			buildConfigurationList = EF07A3B3225C2466004531EB /* Build configuration list for PBXProject "Example" */;
			compatibilityVersion = "Xcode 9.3";
			developmentRegion = en;
			hasScannedForEncodings = 0;
			knownRegions = (
				en,
				Base,
			);
			mainGroup = EF07A3AF225C2466004531EB;
			productRefGroup = EF07A3B9225C2466004531EB /* Products */;
			projectDirPath = "";
			projectRoot = "";
			targets = (
				EF07A3B7225C2466004531EB /* Example */,
				EF07A3CB225C246A004531EB /* ExampleTests */,
				EF07A3D6225C246A004531EB /* ExampleUITests */,
			);
		};
/* End PBXProject section */

/* Begin PBXResourcesBuildPhase section */
		EF07A3B6225C2466004531EB /* Resources */ = {
			isa = PBXResourcesBuildPhase;
			buildActionMask = 2147483647;
			files = (
				EF07A3C6225C246A004531EB /* LaunchScreen.storyboard in Resources */,
				EF07A3C3225C246A004531EB /* Assets.xcassets in Resources */,
				EF07A3C1225C2466004531EB /* Main.storyboard in Resources */,
			);
			runOnlyForDeploymentPostprocessing = 0;
		};
		EF07A3CA225C246A004531EB /* Resources */ = {
			isa = PBXResourcesBuildPhase;
			buildActionMask = 2147483647;
			files = (
			);
			runOnlyForDeploymentPostprocessing = 0;
		};
		EF07A3D5225C246A004531EB /* Resources */ = {
			isa = PBXResourcesBuildPhase;
			buildActionMask = 2147483647;
			files = (
			);
			runOnlyForDeploymentPostprocessing = 0;
		};
/* End PBXResourcesBuildPhase section */

/* Begin PBXSourcesBuildPhase section */
		EF07A3B4225C2466004531EB /* Sources */ = {
			isa = PBXSourcesBuildPhase;
			buildActionMask = 2147483647;
			files = (
				EF07A3BE225C2466004531EB /* ViewController.swift in Sources */,
				EF07A3BC225C2466004531EB /* AppDelegate.swift in Sources */,
			);
			runOnlyForDeploymentPostprocessing = 0;
		};
		EF07A3C8225C246A004531EB /* Sources */ = {
			isa = PBXSourcesBuildPhase;
			buildActionMask = 2147483647;
			files = (
				EF07A3D1225C246A004531EB /* ExampleTests.swift in Sources */,
			);
			runOnlyForDeploymentPostprocessing = 0;
		};
		EF07A3D3225C246A004531EB /* Sources */ = {
			isa = PBXSourcesBuildPhase;
			buildActionMask = 2147483647;
			files = (
				EF07A3DC225C246A004531EB /* ExampleUITests.swift in Sources */,
			);
			runOnlyForDeploymentPostprocessing = 0;
		};
/* End PBXSourcesBuildPhase section */

/* Begin PBXTargetDependency section */
		EF07A3CE225C246A004531EB /* PBXTargetDependency */ = {
			isa = PBXTargetDependency;
			target = EF07A3B7225C2466004531EB /* Example */;
			targetProxy = EF07A3CD225C246A004531EB /* PBXContainerItemProxy */;
		};
		EF07A3D9225C246A004531EB /* PBXTargetDependency */ = {
			isa = PBXTargetDependency;
			target = EF07A3B7225C2466004531EB /* Example */;
			targetProxy = EF07A3D8225C246A004531EB /* PBXContainerItemProxy */;
		};
/* End PBXTargetDependency section */

/* Begin PBXVariantGroup section */
		EF07A3BF225C2466004531EB /* Main.storyboard */ = {
			isa = PBXVariantGroup;
			children = (
				EF07A3C0225C2466004531EB /* Base */,
			);
			name = Main.storyboard;
			sourceTree = "<group>";
		};
		EF07A3C4225C246A004531EB /* LaunchScreen.storyboard */ = {
			isa = PBXVariantGroup;
			children = (
				EF07A3C5225C246A004531EB /* Base */,
			);
			name = LaunchScreen.storyboard;
			sourceTree = "<group>";
		};
/* End PBXVariantGroup section */

/* Begin XCBuildConfiguration section */
		EF07A3DE225C246A004531EB /* Debug */ = {
			isa = XCBuildConfiguration;
			buildSettings = {
				ALWAYS_SEARCH_USER_PATHS = NO;
				CLANG_ANALYZER_NONNULL = YES;
				CLANG_ANALYZER_NUMBER_OBJECT_CONVERSION = YES_AGGRESSIVE;
				CLANG_CXX_LANGUAGE_STANDARD = "gnu++14";
				CLANG_CXX_LIBRARY = "libc++";
				CLANG_ENABLE_MODULES = YES;
				CLANG_ENABLE_OBJC_ARC = YES;
				CLANG_ENABLE_OBJC_WEAK = YES;
				CLANG_WARN_BLOCK_CAPTURE_AUTORELEASING = YES;
				CLANG_WARN_BOOL_CONVERSION = YES;
				CLANG_WARN_COMMA = YES;
				CLANG_WARN_CONSTANT_CONVERSION = YES;
				CLANG_WARN_DEPRECATED_OBJC_IMPLEMENTATIONS = YES;
				CLANG_WARN_DIRECT_OBJC_ISA_USAGE = YES_ERROR;
				CLANG_WARN_DOCUMENTATION_COMMENTS = YES;
				CLANG_WARN_EMPTY_BODY = YES;
				CLANG_WARN_ENUM_CONVERSION = YES;
				CLANG_WARN_INFINITE_RECURSION = YES;
				CLANG_WARN_INT_CONVERSION = YES;
				CLANG_WARN_NON_LITERAL_NULL_CONVERSION = YES;
				CLANG_WARN_OBJC_IMPLICIT_RETAIN_SELF = YES;
				CLANG_WARN_OBJC_LITERAL_CONVERSION = YES;
				CLANG_WARN_OBJC_ROOT_CLASS = YES_ERROR;
				CLANG_WARN_RANGE_LOOP_ANALYSIS = YES;
				CLANG_WARN_STRICT_PROTOTYPES = YES;
				CLANG_WARN_SUSPICIOUS_MOVE = YES;
				CLANG_WARN_UNGUARDED_AVAILABILITY = YES_AGGRESSIVE;
				CLANG_WARN_UNREACHABLE_CODE = YES;
				CLANG_WARN__DUPLICATE_METHOD_MATCH = YES;
				CODE_SIGN_IDENTITY = "iPhone Developer";
				COPY_PHASE_STRIP = NO;
				DEBUG_INFORMATION_FORMAT = dwarf;
				ENABLE_STRICT_OBJC_MSGSEND = YES;
				ENABLE_TESTABILITY = YES;
				GCC_C_LANGUAGE_STANDARD = gnu11;
				GCC_DYNAMIC_NO_PIC = NO;
				GCC_NO_COMMON_BLOCKS = YES;
				GCC_OPTIMIZATION_LEVEL = 0;
				GCC_PREPROCESSOR_DEFINITIONS = (
					"DEBUG=1",
					"$(inherited)",
				);
				GCC_WARN_64_TO_32_BIT_CONVERSION = YES;
				GCC_WARN_ABOUT_RETURN_TYPE = YES_ERROR;
				GCC_WARN_UNDECLARED_SELECTOR = YES;
				GCC_WARN_UNINITIALIZED_AUTOS = YES_AGGRESSIVE;
				GCC_WARN_UNUSED_FUNCTION = YES;
				GCC_WARN_UNUSED_VARIABLE = YES;
				IPHONEOS_DEPLOYMENT_TARGET = 10.0;
				MTL_ENABLE_DEBUG_INFO = INCLUDE_SOURCE;
				MTL_FAST_MATH = YES;
				ONLY_ACTIVE_ARCH = YES;
				SDKROOT = iphoneos;
				SWIFT_ACTIVE_COMPILATION_CONDITIONS = DEBUG;
				SWIFT_OPTIMIZATION_LEVEL = "-Onone";
			};
			name = Debug;
		};
		EF07A3DF225C246A004531EB /* Release */ = {
			isa = XCBuildConfiguration;
			buildSettings = {
				ALWAYS_SEARCH_USER_PATHS = NO;
				CLANG_ANALYZER_NONNULL = YES;
				CLANG_ANALYZER_NUMBER_OBJECT_CONVERSION = YES_AGGRESSIVE;
				CLANG_CXX_LANGUAGE_STANDARD = "gnu++14";
				CLANG_CXX_LIBRARY = "libc++";
				CLANG_ENABLE_MODULES = YES;
				CLANG_ENABLE_OBJC_ARC = YES;
				CLANG_ENABLE_OBJC_WEAK = YES;
				CLANG_WARN_BLOCK_CAPTURE_AUTORELEASING = YES;
				CLANG_WARN_BOOL_CONVERSION = YES;
				CLANG_WARN_COMMA = YES;
				CLANG_WARN_CONSTANT_CONVERSION = YES;
				CLANG_WARN_DEPRECATED_OBJC_IMPLEMENTATIONS = YES;
				CLANG_WARN_DIRECT_OBJC_ISA_USAGE = YES_ERROR;
				CLANG_WARN_DOCUMENTATION_COMMENTS = YES;
				CLANG_WARN_EMPTY_BODY = YES;
				CLANG_WARN_ENUM_CONVERSION = YES;
				CLANG_WARN_INFINITE_RECURSION = YES;
				CLANG_WARN_INT_CONVERSION = YES;
				CLANG_WARN_NON_LITERAL_NULL_CONVERSION = YES;
				CLANG_WARN_OBJC_IMPLICIT_RETAIN_SELF = YES;
				CLANG_WARN_OBJC_LITERAL_CONVERSION = YES;
				CLANG_WARN_OBJC_ROOT_CLASS = YES_ERROR;
				CLANG_WARN_RANGE_LOOP_ANALYSIS = YES;
				CLANG_WARN_STRICT_PROTOTYPES = YES;
				CLANG_WARN_SUSPICIOUS_MOVE = YES;
				CLANG_WARN_UNGUARDED_AVAILABILITY = YES_AGGRESSIVE;
				CLANG_WARN_UNREACHABLE_CODE = YES;
				CLANG_WARN__DUPLICATE_METHOD_MATCH = YES;
				CODE_SIGN_IDENTITY = "iPhone Developer";
				COPY_PHASE_STRIP = NO;
				DEBUG_INFORMATION_FORMAT = "dwarf-with-dsym";
				ENABLE_NS_ASSERTIONS = NO;
				ENABLE_STRICT_OBJC_MSGSEND = YES;
				GCC_C_LANGUAGE_STANDARD = gnu11;
				GCC_NO_COMMON_BLOCKS = YES;
				GCC_WARN_64_TO_32_BIT_CONVERSION = YES;
				GCC_WARN_ABOUT_RETURN_TYPE = YES_ERROR;
				GCC_WARN_UNDECLARED_SELECTOR = YES;
				GCC_WARN_UNINITIALIZED_AUTOS = YES_AGGRESSIVE;
				GCC_WARN_UNUSED_FUNCTION = YES;
				GCC_WARN_UNUSED_VARIABLE = YES;
				IPHONEOS_DEPLOYMENT_TARGET = 10.0;
				MTL_ENABLE_DEBUG_INFO = NO;
				MTL_FAST_MATH = YES;
				SDKROOT = iphoneos;
				SWIFT_COMPILATION_MODE = wholemodule;
				SWIFT_OPTIMIZATION_LEVEL = "-O";
				VALIDATE_PRODUCT = YES;
			};
			name = Release;
		};
		EF07A3E1225C246A004531EB /* Debug */ = {
			isa = XCBuildConfiguration;
			buildSettings = {
				ASSETCATALOG_COMPILER_APPICON_NAME = AppIcon;
				CODE_SIGN_STYLE = Automatic;
				INFOPLIST_FILE = Example/Info.plist;
				LD_RUNPATH_SEARCH_PATHS = (
					"$(inherited)",
					"@executable_path/Frameworks",
				);
				PRODUCT_BUNDLE_IDENTIFIER = com.pondokit.Example;
				PRODUCT_NAME = "$(TARGET_NAME)";
				SWIFT_VERSION = 5.0;
				TARGETED_DEVICE_FAMILY = "1,2";
			};
			name = Debug;
		};
		EF07A3E2225C246A004531EB /* Release */ = {
			isa = XCBuildConfiguration;
			buildSettings = {
				ASSETCATALOG_COMPILER_APPICON_NAME = AppIcon;
				CODE_SIGN_STYLE = Automatic;
				INFOPLIST_FILE = Example/Info.plist;
				LD_RUNPATH_SEARCH_PATHS = (
					"$(inherited)",
					"@executable_path/Frameworks",
				);
				PRODUCT_BUNDLE_IDENTIFIER = com.pondokit.Example;
				PRODUCT_NAME = "$(TARGET_NAME)";
				SWIFT_VERSION = 5.0;
				TARGETED_DEVICE_FAMILY = "1,2";
			};
			name = Release;
		};
		EF07A3E4225C246A004531EB /* Debug */ = {
			isa = XCBuildConfiguration;
			buildSettings = {
				ALWAYS_EMBED_SWIFT_STANDARD_LIBRARIES = YES;
				BUNDLE_LOADER = "$(TEST_HOST)";
				CODE_SIGN_STYLE = Automatic;
				INFOPLIST_FILE = ExampleTests/Info.plist;
				LD_RUNPATH_SEARCH_PATHS = (
					"$(inherited)",
					"@executable_path/Frameworks",
					"@loader_path/Frameworks",
				);
				PRODUCT_BUNDLE_IDENTIFIER = com.pondokit.ExampleTests;
				PRODUCT_NAME = "$(TARGET_NAME)";
				SWIFT_VERSION = 5.0;
				TARGETED_DEVICE_FAMILY = "1,2";
				TEST_HOST = "$(BUILT_PRODUCTS_DIR)/Example.app/Example";
			};
			name = Debug;
		};
		EF07A3E5225C246A004531EB /* Release */ = {
			isa = XCBuildConfiguration;
			buildSettings = {
				ALWAYS_EMBED_SWIFT_STANDARD_LIBRARIES = YES;
				BUNDLE_LOADER = "$(TEST_HOST)";
				CODE_SIGN_STYLE = Automatic;
				INFOPLIST_FILE = ExampleTests/Info.plist;
				LD_RUNPATH_SEARCH_PATHS = (
					"$(inherited)",
					"@executable_path/Frameworks",
					"@loader_path/Frameworks",
				);
				PRODUCT_BUNDLE_IDENTIFIER = com.pondokit.ExampleTests;
				PRODUCT_NAME = "$(TARGET_NAME)";
				SWIFT_VERSION = 5.0;
				TARGETED_DEVICE_FAMILY = "1,2";
				TEST_HOST = "$(BUILT_PRODUCTS_DIR)/Example.app/Example";
			};
			name = Release;
		};
		EF07A3E7225C246A004531EB /* Debug */ = {
			isa = XCBuildConfiguration;
			buildSettings = {
				ALWAYS_EMBED_SWIFT_STANDARD_LIBRARIES = YES;
				CODE_SIGN_STYLE = Automatic;
				INFOPLIST_FILE = ExampleUITests/Info.plist;
				LD_RUNPATH_SEARCH_PATHS = (
					"$(inherited)",
					"@executable_path/Frameworks",
					"@loader_path/Frameworks",
				);
				PRODUCT_BUNDLE_IDENTIFIER = com.pondokit.ExampleUITests;
				PRODUCT_NAME = "$(TARGET_NAME)";
				SWIFT_VERSION = 5.0;
				TARGETED_DEVICE_FAMILY = "1,2";
				TEST_TARGET_NAME = Example;
			};
			name = Debug;
		};
		EF07A3E8225C246A004531EB /* Release */ = {
			isa = XCBuildConfiguration;
			buildSettings = {
				ALWAYS_EMBED_SWIFT_STANDARD_LIBRARIES = YES;
				CODE_SIGN_STYLE = Automatic;
				INFOPLIST_FILE = ExampleUITests/Info.plist;
				LD_RUNPATH_SEARCH_PATHS = (
					"$(inherited)",
					"@executable_path/Frameworks",
					"@loader_path/Frameworks",
				);
				PRODUCT_BUNDLE_IDENTIFIER = com.pondokit.ExampleUITests;
				PRODUCT_NAME = "$(TARGET_NAME)";
				SWIFT_VERSION = 5.0;
				TARGETED_DEVICE_FAMILY = "1,2";
				TEST_TARGET_NAME = Example;
			};
			name = Release;
		};
/* End XCBuildConfiguration section */

/* Begin XCConfigurationList section */
		EF07A3B3225C2466004531EB /* Build configuration list for PBXProject "Example" */ = {
			isa = XCConfigurationList;
			buildConfigurations = (
				EF07A3DE225C246A004531EB /* Debug */,
				EF07A3DF225C246A004531EB /* Release */,
			);
			defaultConfigurationIsVisible = 0;
			defaultConfigurationName = Release;
		};
		EF07A3E0225C246A004531EB /* Build configuration list for PBXNativeTarget "Example" */ = {
			isa = XCConfigurationList;
			buildConfigurations = (
				EF07A3E1225C246A004531EB /* Debug */,
				EF07A3E2225C246A004531EB /* Release */,
			);
			defaultConfigurationIsVisible = 0;
			defaultConfigurationName = Release;
		};
		EF07A3E3225C246A004531EB /* Build configuration list for PBXNativeTarget "ExampleTests" */ = {
			isa = XCConfigurationList;
			buildConfigurations = (
				EF07A3E4225C246A004531EB /* Debug */,
				EF07A3E5225C246A004531EB /* Release */,
			);
			defaultConfigurationIsVisible = 0;
			defaultConfigurationName = Release;
		};
		EF07A3E6225C246A004531EB /* Build configuration list for PBXNativeTarget "ExampleUITests" */ = {
			isa = XCConfigurationList;
			buildConfigurations = (
				EF07A3E7225C246A004531EB /* Debug */,
				EF07A3E8225C246A004531EB /* Release */,
			);
			defaultConfigurationIsVisible = 0;
			defaultConfigurationName = Release;
		};
/* End XCConfigurationList section */
	};
	rootObject = EF07A3B0225C2466004531EB /* Project object */;
}
